
Microsoft Visual Studio Solution File, Format Version 12.00
# Visual Studio Version 17
VisualStudioVersion = 17.0.31903.59
MinimumVisualStudioVersion = 10.0.40219.1
Project("{FAE04EC0-301F-11D3-BF4B-00C04F79EFBC}") = "TechMesh.Auth.Application", "TechMesh.Auth.Application\TechMesh.Auth.Application.csproj", "{39499850-043E-42C9-9446-918C620E6DBD}"
EndProject
Project("{FAE04EC0-301F-11D3-BF4B-00C04F79EFBC}") = "TechMesh.Auth.Domain", "TechMesh.Auth.Domain\TechMesh.Auth.Domain.csproj", "{254311D9-80F1-443F-B36A-BB7621FBFE9C}"
EndProject
Project("{FAE04EC0-301F-11D3-BF4B-00C04F79EFBC}") = "TechMesh.Auth.Infrastructure", "TechMesh.Auth.Infrastructure\TechMesh.Auth.Infrastructure.csproj", "{3D963160-DD42-4C0B-B8C9-0F142664EE7A}"
EndProject
Project("{FAE04EC0-301F-11D3-BF4B-00C04F79EFBC}") = "TechMesh.Auth.Api", "TechMesh.Auth.Api\TechMesh.Auth.Api.csproj", "{0375433D-4FD0-467C-A597-173526DCF631}"
EndProject
Global
	GlobalSection(SolutionConfigurationPlatforms) = preSolution
		Debug|Any CPU = Debug|Any CPU
		Debug|x64 = Debug|x64
		Debug|x86 = Debug|x86
		Release|Any CPU = Release|Any CPU
		Release|x64 = Release|x64
		Release|x86 = Release|x86
	EndGlobalSection
	GlobalSection(ProjectConfigurationPlatforms) = postSolution
		{39499850-043E-42C9-9446-918C620E6DBD}.Debug|Any CPU.ActiveCfg = Debug|Any CPU
		{39499850-043E-42C9-9446-918C620E6DBD}.Debug|Any CPU.Build.0 = Debug|Any CPU
		{39499850-043E-42C9-9446-918C620E6DBD}.Debug|x64.ActiveCfg = Debug|Any CPU
		{39499850-043E-42C9-9446-918C620E6DBD}.Debug|x64.Build.0 = Debug|Any CPU
		{39499850-043E-42C9-9446-918C620E6DBD}.Debug|x86.ActiveCfg = Debug|Any CPU
		{39499850-043E-42C9-9446-918C620E6DBD}.Debug|x86.Build.0 = Debug|Any CPU
		{39499850-043E-42C9-9446-918C620E6DBD}.Release|Any CPU.ActiveCfg = Release|Any CPU
		{39499850-043E-42C9-9446-918C620E6DBD}.Release|Any CPU.Build.0 = Release|Any CPU
		{39499850-043E-42C9-9446-918C620E6DBD}.Release|x64.ActiveCfg = Release|Any CPU
		{39499850-043E-42C9-9446-918C620E6DBD}.Release|x64.Build.0 = Release|Any CPU
		{39499850-043E-42C9-9446-918C620E6DBD}.Release|x86.ActiveCfg = Release|Any CPU
		{39499850-043E-42C9-9446-918C620E6DBD}.Release|x86.Build.0 = Release|Any CPU
		{254311D9-80F1-443F-B36A-BB7621FBFE9C}.Debug|Any CPU.ActiveCfg = Debug|Any CPU
		{254311D9-80F1-443F-B36A-BB7621FBFE9C}.Debug|Any CPU.Build.0 = Debug|Any CPU
		{254311D9-80F1-443F-B36A-BB7621FBFE9C}.Debug|x64.ActiveCfg = Debug|Any CPU
		{254311D9-80F1-443F-B36A-BB7621FBFE9C}.Debug|x64.Build.0 = Debug|Any CPU
		{254311D9-80F1-443F-B36A-BB7621FBFE9C}.Debug|x86.ActiveCfg = Debug|Any CPU
		{254311D9-80F1-443F-B36A-BB7621FBFE9C}.Debug|x86.Build.0 = Debug|Any CPU
		{254311D9-80F1-443F-B36A-BB7621FBFE9C}.Release|Any CPU.ActiveCfg = Release|Any CPU
		{254311D9-80F1-443F-B36A-BB7621FBFE9C}.Release|Any CPU.Build.0 = Release|Any CPU
		{254311D9-80F1-443F-B36A-BB7621FBFE9C}.Release|x64.ActiveCfg = Release|Any CPU
		{254311D9-80F1-443F-B36A-BB7621FBFE9C}.Release|x64.Build.0 = Release|Any CPU
		{254311D9-80F1-443F-B36A-BB7621FBFE9C}.Release|x86.ActiveCfg = Release|Any CPU
		{254311D9-80F1-443F-B36A-BB7621FBFE9C}.Release|x86.Build.0 = Release|Any CPU
		{3D963160-DD42-4C0B-B8C9-0F142664EE7A}.Debug|Any CPU.ActiveCfg = Debug|Any CPU
		{3D963160-DD42-4C0B-B8C9-0F142664EE7A}.Debug|Any CPU.Build.0 = Debug|Any CPU
		{3D963160-DD42-4C0B-B8C9-0F142664EE7A}.Debug|x64.ActiveCfg = Debug|Any CPU
		{3D963160-DD42-4C0B-B8C9-0F142664EE7A}.Debug|x64.Build.0 = Debug|Any CPU
		{3D963160-DD42-4C0B-B8C9-0F142664EE7A}.Debug|x86.ActiveCfg = Debug|Any CPU
		{3D963160-DD42-4C0B-B8C9-0F142664EE7A}.Debug|x86.Build.0 = Debug|Any CPU
		{3D963160-DD42-4C0B-B8C9-0F142664EE7A}.Release|Any CPU.ActiveCfg = Release|Any CPU
		{3D963160-DD42-4C0B-B8C9-0F142664EE7A}.Release|Any CPU.Build.0 = Release|Any CPU
		{3D963160-DD42-4C0B-B8C9-0F142664EE7A}.Release|x64.ActiveCfg = Release|Any CPU
		{3D963160-DD42-4C0B-B8C9-0F142664EE7A}.Release|x64.Build.0 = Release|Any CPU
		{3D963160-DD42-4C0B-B8C9-0F142664EE7A}.Release|x86.ActiveCfg = Release|Any CPU
		{3D963160-DD42-4C0B-B8C9-0F142664EE7A}.Release|x86.Build.0 = Release|Any CPU
		{0375433D-4FD0-467C-A597-173526DCF631}.Debug|Any CPU.ActiveCfg = Debug|Any CPU
		{0375433D-4FD0-467C-A597-173526DCF631}.Debug|Any CPU.Build.0 = Debug|Any CPU
		{0375433D-4FD0-467C-A597-173526DCF631}.Debug|x64.ActiveCfg = Debug|Any CPU
		{0375433D-4FD0-467C-A597-173526DCF631}.Debug|x64.Build.0 = Debug|Any CPU
		{0375433D-4FD0-467C-A597-173526DCF631}.Debug|x86.ActiveCfg = Debug|Any CPU
		{0375433D-4FD0-467C-A597-173526DCF631}.Debug|x86.Build.0 = Debug|Any CPU
		{0375433D-4FD0-467C-A597-173526DCF631}.Release|Any CPU.ActiveCfg = Release|Any CPU
		{0375433D-4FD0-467C-A597-173526DCF631}.Release|Any CPU.Build.0 = Release|Any CPU
		{0375433D-4FD0-467C-A597-173526DCF631}.Release|x64.ActiveCfg = Release|Any CPU
		{0375433D-4FD0-467C-A597-173526DCF631}.Release|x64.Build.0 = Release|Any CPU
		{0375433D-4FD0-467C-A597-173526DCF631}.Release|x86.ActiveCfg = Release|Any CPU
		{0375433D-4FD0-467C-A597-173526DCF631}.Release|x86.Build.0 = Release|Any CPU
	EndGlobalSection
	GlobalSection(SolutionProperties) = preSolution
		HideSolutionNode = FALSE
	EndGlobalSection
EndGlobal
